// !$*UTF8*$!
{
	archiveVersion = 1;
	classes = {
	};
	objectVersion = 56;
	objects = {

/* Begin PBXBuildFile section */
		4B74ED3E2A92D35000B47E79 /* STCryptoSwiftUIProjectApp.swift in Sources */ = {isa = PBXBuildFile; fileRef = 4B74ED3D2A92D35000B47E79 /* STCryptoSwiftUIProjectApp.swift */; };
		4B74ED402A92D35000B47E79 /* HomeView.swift in Sources */ = {isa = PBXBuildFile; fileRef = 4B74ED3F2A92D35000B47E79 /* HomeView.swift */; };
		4B74ED422A92D35100B47E79 /* Assets.xcassets in Resources */ = {isa = PBXBuildFile; fileRef = 4B74ED412A92D35100B47E79 /* Assets.xcassets */; };
		4B74ED452A92D35100B47E79 /* Preview Assets.xcassets in Resources */ = {isa = PBXBuildFile; fileRef = 4B74ED442A92D35100B47E79 /* Preview Assets.xcassets */; };
		4B74ED472A92D35100B47E79 /* Persistence.swift in Sources */ = {isa = PBXBuildFile; fileRef = 4B74ED462A92D35100B47E79 /* Persistence.swift */; };
		4B74ED4A2A92D35100B47E79 /* STCryptoSwiftUIProject.xcdatamodeld in Sources */ = {isa = PBXBuildFile; fileRef = 4B74ED482A92D35100B47E79 /* STCryptoSwiftUIProject.xcdatamodeld */; };
		4B74ED532A92E47700B47E79 /* Color+Utils.swift in Sources */ = {isa = PBXBuildFile; fileRef = 4B74ED522A92E47600B47E79 /* Color+Utils.swift */; };
		4B74ED582A93137D00B47E79 /* CircleButtonView.swift in Sources */ = {isa = PBXBuildFile; fileRef = 4B74ED572A93137D00B47E79 /* CircleButtonView.swift */; };
		4B74ED5E2A931FE000B47E79 /* CircleButtonAnimationView.swift in Sources */ = {isa = PBXBuildFile; fileRef = 4B74ED5D2A931FE000B47E79 /* CircleButtonAnimationView.swift */; };
/* End PBXBuildFile section */

/* Begin PBXFileReference section */
		4B74ED3A2A92D35000B47E79 /* STCryptoSwiftUIProject.app */ = {isa = PBXFileReference; explicitFileType = wrapper.application; includeInIndex = 0; path = STCryptoSwiftUIProject.app; sourceTree = BUILT_PRODUCTS_DIR; };
		4B74ED3D2A92D35000B47E79 /* STCryptoSwiftUIProjectApp.swift */ = {isa = PBXFileReference; lastKnownFileType = sourcecode.swift; path = STCryptoSwiftUIProjectApp.swift; sourceTree = "<group>"; };
		4B74ED3F2A92D35000B47E79 /* HomeView.swift */ = {isa = PBXFileReference; lastKnownFileType = sourcecode.swift; path = HomeView.swift; sourceTree = "<group>"; };
		4B74ED412A92D35100B47E79 /* Assets.xcassets */ = {isa = PBXFileReference; lastKnownFileType = folder.assetcatalog; path = Assets.xcassets; sourceTree = "<group>"; };
		4B74ED442A92D35100B47E79 /* Preview Assets.xcassets */ = {isa = PBXFileReference; lastKnownFileType = folder.assetcatalog; path = "Preview Assets.xcassets"; sourceTree = "<group>"; };
		4B74ED462A92D35100B47E79 /* Persistence.swift */ = {isa = PBXFileReference; lastKnownFileType = sourcecode.swift; path = Persistence.swift; sourceTree = "<group>"; };
		4B74ED492A92D35100B47E79 /* STCryptoSwiftUIProject.xcdatamodel */ = {isa = PBXFileReference; lastKnownFileType = wrapper.xcdatamodel; path = STCryptoSwiftUIProject.xcdatamodel; sourceTree = "<group>"; };
		4B74ED522A92E47600B47E79 /* Color+Utils.swift */ = {isa = PBXFileReference; lastKnownFileType = sourcecode.swift; path = "Color+Utils.swift"; sourceTree = "<group>"; };
		4B74ED572A93137D00B47E79 /* CircleButtonView.swift */ = {isa = PBXFileReference; lastKnownFileType = sourcecode.swift; path = CircleButtonView.swift; sourceTree = "<group>"; };
		4B74ED5D2A931FE000B47E79 /* CircleButtonAnimationView.swift */ = {isa = PBXFileReference; lastKnownFileType = sourcecode.swift; path = CircleButtonAnimationView.swift; sourceTree = "<group>"; };
/* End PBXFileReference section */

/* Begin PBXFrameworksBuildPhase section */
		4B74ED372A92D35000B47E79 /* Frameworks */ = {
			isa = PBXFrameworksBuildPhase;
			buildActionMask = 2147483647;
			files = (
			);
			runOnlyForDeploymentPostprocessing = 0;
		};
/* End PBXFrameworksBuildPhase section */

/* Begin PBXGroup section */
		4B74ED312A92D35000B47E79 = {
			isa = PBXGroup;
			children = (
				4B74ED3C2A92D35000B47E79 /* STCryptoSwiftUIProject */,
				4B74ED3B2A92D35000B47E79 /* Products */,
			);
			sourceTree = "<group>";
		};
		4B74ED3B2A92D35000B47E79 /* Products */ = {
			isa = PBXGroup;
			children = (
				4B74ED3A2A92D35000B47E79 /* STCryptoSwiftUIProject.app */,
			);
			name = Products;
			sourceTree = "<group>";
		};
		4B74ED3C2A92D35000B47E79 /* STCryptoSwiftUIProject */ = {
			isa = PBXGroup;
			children = (
				4B74ED592A931D2300B47E79 /* Home */,
				4B74ED542A93135B00B47E79 /* Core */,
				4B74ED512A92E46300B47E79 /* Extensions */,
				4B74ED3D2A92D35000B47E79 /* STCryptoSwiftUIProjectApp.swift */,
				4B74ED412A92D35100B47E79 /* Assets.xcassets */,
				4B74ED462A92D35100B47E79 /* Persistence.swift */,
				4B74ED482A92D35100B47E79 /* STCryptoSwiftUIProject.xcdatamodeld */,
				4B74ED432A92D35100B47E79 /* Preview Content */,
			);
			path = STCryptoSwiftUIProject;
			sourceTree = "<group>";
		};
		4B74ED432A92D35100B47E79 /* Preview Content */ = {
			isa = PBXGroup;
			children = (
				4B74ED442A92D35100B47E79 /* Preview Assets.xcassets */,
			);
			path = "Preview Content";
			sourceTree = "<group>";
		};
		4B74ED512A92E46300B47E79 /* Extensions */ = {
			isa = PBXGroup;
			children = (
				4B74ED522A92E47600B47E79 /* Color+Utils.swift */,
			);
			path = Extensions;
			sourceTree = "<group>";
		};
		4B74ED542A93135B00B47E79 /* Core */ = {
			isa = PBXGroup;
			children = (
				4B74ED552A93135F00B47E79 /* Components */,
			);
			path = Core;
			sourceTree = "<group>";
		};
		4B74ED552A93135F00B47E79 /* Components */ = {
			isa = PBXGroup;
			children = (
				4B74ED562A93137200B47E79 /* CircleButton */,
			);
			path = Components;
			sourceTree = "<group>";
		};
		4B74ED562A93137200B47E79 /* CircleButton */ = {
			isa = PBXGroup;
			children = (
				4B74ED572A93137D00B47E79 /* CircleButtonView.swift */,
				4B74ED5D2A931FE000B47E79 /* CircleButtonAnimationView.swift */,
			);
			path = CircleButton;
			sourceTree = "<group>";
		};
		4B74ED592A931D2300B47E79 /* Home */ = {
			isa = PBXGroup;
			children = (
				4B74ED5A2A931D2A00B47E79 /* Views */,
				4B74ED5C2A931D4800B47E79 /* ViewModels */,
			);
			path = Home;
			sourceTree = "<group>";
		};
		4B74ED5A2A931D2A00B47E79 /* Views */ = {
			isa = PBXGroup;
			children = (
				4B74ED3F2A92D35000B47E79 /* HomeView.swift */,
			);
			path = Views;
			sourceTree = "<group>";
		};
		4B74ED5C2A931D4800B47E79 /* ViewModels */ = {
			isa = PBXGroup;
			children = (
			);
			path = ViewModels;
			sourceTree = "<group>";
		};
/* End PBXGroup section */

/* Begin PBXNativeTarget section */
		4B74ED392A92D35000B47E79 /* STCryptoSwiftUIProject */ = {
			isa = PBXNativeTarget;
			buildConfigurationList = 4B74ED4D2A92D35100B47E79 /* Build configuration list for PBXNativeTarget "STCryptoSwiftUIProject" */;
			buildPhases = (
				4B74ED362A92D35000B47E79 /* Sources */,
				4B74ED372A92D35000B47E79 /* Frameworks */,
				4B74ED382A92D35000B47E79 /* Resources */,
			);
			buildRules = (
			);
			dependencies = (
			);
			name = STCryptoSwiftUIProject;
			productName = STCryptoSwiftUIProject;
			productReference = 4B74ED3A2A92D35000B47E79 /* STCryptoSwiftUIProject.app */;
			productType = "com.apple.product-type.application";
		};
/* End PBXNativeTarget section */

/* Begin PBXProject section */
		4B74ED322A92D35000B47E79 /* Project object */ = {
			isa = PBXProject;
			attributes = {
				BuildIndependentTargetsInParallel = 1;
				LastSwiftUpdateCheck = 1430;
				LastUpgradeCheck = 1430;
				TargetAttributes = {
					4B74ED392A92D35000B47E79 = {
						CreatedOnToolsVersion = 14.3.1;
					};
				};
			};
			buildConfigurationList = 4B74ED352A92D35000B47E79 /* Build configuration list for PBXProject "STCryptoSwiftUIProject" */;
			compatibilityVersion = "Xcode 14.0";
			developmentRegion = en;
			hasScannedForEncodings = 0;
			knownRegions = (
				en,
				Base,
			);
			mainGroup = 4B74ED312A92D35000B47E79;
			productRefGroup = 4B74ED3B2A92D35000B47E79 /* Products */;
			projectDirPath = "";
			projectRoot = "";
			targets = (
				4B74ED392A92D35000B47E79 /* STCryptoSwiftUIProject */,
			);
		};
/* End PBXProject section */

/* Begin PBXResourcesBuildPhase section */
		4B74ED382A92D35000B47E79 /* Resources */ = {
			isa = PBXResourcesBuildPhase;
			buildActionMask = 2147483647;
			files = (
				4B74ED452A92D35100B47E79 /* Preview Assets.xcassets in Resources */,
				4B74ED422A92D35100B47E79 /* Assets.xcassets in Resources */,
			);
			runOnlyForDeploymentPostprocessing = 0;
		};
/* End PBXResourcesBuildPhase section */

/* Begin PBXSourcesBuildPhase section */
		4B74ED362A92D35000B47E79 /* Sources */ = {
			isa = PBXSourcesBuildPhase;
			buildActionMask = 2147483647;
			files = (
				4B74ED582A93137D00B47E79 /* CircleButtonView.swift in Sources */,
				4B74ED5E2A931FE000B47E79 /* CircleButtonAnimationView.swift in Sources */,
				4B74ED472A92D35100B47E79 /* Persistence.swift in Sources */,
				4B74ED532A92E47700B47E79 /* Color+Utils.swift in Sources */,
				4B74ED4A2A92D35100B47E79 /* STCryptoSwiftUIProject.xcdatamodeld in Sources */,
				4B74ED402A92D35000B47E79 /* HomeView.swift in Sources */,
				4B74ED3E2A92D35000B47E79 /* STCryptoSwiftUIProjectApp.swift in Sources */,
			);
			runOnlyForDeploymentPostprocessing = 0;
		};
/* End PBXSourcesBuildPhase section */

/* Begin XCBuildConfiguration section */
		4B74ED4B2A92D35100B47E79 /* Debug */ = {
			isa = XCBuildConfiguration;
			buildSettings = {
				ALWAYS_SEARCH_USER_PATHS = NO;
				CLANG_ANALYZER_NONNULL = YES;
				CLANG_ANALYZER_NUMBER_OBJECT_CONVERSION = YES_AGGRESSIVE;
				CLANG_CXX_LANGUAGE_STANDARD = "gnu++20";
				CLANG_ENABLE_MODULES = YES;
				CLANG_ENABLE_OBJC_ARC = YES;
				CLANG_ENABLE_OBJC_WEAK = YES;
				CLANG_WARN_BLOCK_CAPTURE_AUTORELEASING = YES;
				CLANG_WARN_BOOL_CONVERSION = YES;
				CLANG_WARN_COMMA = YES;
				CLANG_WARN_CONSTANT_CONVERSION = YES;
				CLANG_WARN_DEPRECATED_OBJC_IMPLEMENTATIONS = YES;
				CLANG_WARN_DIRECT_OBJC_ISA_USAGE = YES_ERROR;
				CLANG_WARN_DOCUMENTATION_COMMENTS = YES;
				CLANG_WARN_EMPTY_BODY = YES;
				CLANG_WARN_ENUM_CONVERSION = YES;
				CLANG_WARN_INFINITE_RECURSION = YES;
				CLANG_WARN_INT_CONVERSION = YES;
				CLANG_WARN_NON_LITERAL_NULL_CONVERSION = YES;
				CLANG_WARN_OBJC_IMPLICIT_RETAIN_SELF = YES;
				CLANG_WARN_OBJC_LITERAL_CONVERSION = YES;
				CLANG_WARN_OBJC_ROOT_CLASS = YES_ERROR;
				CLANG_WARN_QUOTED_INCLUDE_IN_FRAMEWORK_HEADER = YES;
				CLANG_WARN_RANGE_LOOP_ANALYSIS = YES;
				CLANG_WARN_STRICT_PROTOTYPES = YES;
				CLANG_WARN_SUSPICIOUS_MOVE = YES;
				CLANG_WARN_UNGUARDED_AVAILABILITY = YES_AGGRESSIVE;
				CLANG_WARN_UNREACHABLE_CODE = YES;
				CLANG_WARN__DUPLICATE_METHOD_MATCH = YES;
				COPY_PHASE_STRIP = NO;
				DEBUG_INFORMATION_FORMAT = dwarf;
				ENABLE_STRICT_OBJC_MSGSEND = YES;
				ENABLE_TESTABILITY = YES;
				GCC_C_LANGUAGE_STANDARD = gnu11;
				GCC_DYNAMIC_NO_PIC = NO;
				GCC_NO_COMMON_BLOCKS = YES;
				GCC_OPTIMIZATION_LEVEL = 0;
				GCC_PREPROCESSOR_DEFINITIONS = (
					"DEBUG=1",
					"$(inherited)",
				);
				GCC_WARN_64_TO_32_BIT_CONVERSION = YES;
				GCC_WARN_ABOUT_RETURN_TYPE = YES_ERROR;
				GCC_WARN_UNDECLARED_SELECTOR = YES;
				GCC_WARN_UNINITIALIZED_AUTOS = YES_AGGRESSIVE;
				GCC_WARN_UNUSED_FUNCTION = YES;
				GCC_WARN_UNUSED_VARIABLE = YES;
				IPHONEOS_DEPLOYMENT_TARGET = 16.4;
				MTL_ENABLE_DEBUG_INFO = INCLUDE_SOURCE;
				MTL_FAST_MATH = YES;
				ONLY_ACTIVE_ARCH = YES;
				SDKROOT = iphoneos;
				SWIFT_ACTIVE_COMPILATION_CONDITIONS = DEBUG;
				SWIFT_OPTIMIZATION_LEVEL = "-Onone";
			};
			name = Debug;
		};
		4B74ED4C2A92D35100B47E79 /* Release */ = {
			isa = XCBuildConfiguration;
			buildSettings = {
				ALWAYS_SEARCH_USER_PATHS = NO;
				CLANG_ANALYZER_NONNULL = YES;
				CLANG_ANALYZER_NUMBER_OBJECT_CONVERSION = YES_AGGRESSIVE;
				CLANG_CXX_LANGUAGE_STANDARD = "gnu++20";
				CLANG_ENABLE_MODULES = YES;
				CLANG_ENABLE_OBJC_ARC = YES;
				CLANG_ENABLE_OBJC_WEAK = YES;
				CLANG_WARN_BLOCK_CAPTURE_AUTORELEASING = YES;
				CLANG_WARN_BOOL_CONVERSION = YES;
				CLANG_WARN_COMMA = YES;
				CLANG_WARN_CONSTANT_CONVERSION = YES;
				CLANG_WARN_DEPRECATED_OBJC_IMPLEMENTATIONS = YES;
				CLANG_WARN_DIRECT_OBJC_ISA_USAGE = YES_ERROR;
				CLANG_WARN_DOCUMENTATION_COMMENTS = YES;
				CLANG_WARN_EMPTY_BODY = YES;
				CLANG_WARN_ENUM_CONVERSION = YES;
				CLANG_WARN_INFINITE_RECURSION = YES;
				CLANG_WARN_INT_CONVERSION = YES;
				CLANG_WARN_NON_LITERAL_NULL_CONVERSION = YES;
				CLANG_WARN_OBJC_IMPLICIT_RETAIN_SELF = YES;
				CLANG_WARN_OBJC_LITERAL_CONVERSION = YES;
				CLANG_WARN_OBJC_ROOT_CLASS = YES_ERROR;
				CLANG_WARN_QUOTED_INCLUDE_IN_FRAMEWORK_HEADER = YES;
				CLANG_WARN_RANGE_LOOP_ANALYSIS = YES;
				CLANG_WARN_STRICT_PROTOTYPES = YES;
				CLANG_WARN_SUSPICIOUS_MOVE = YES;
				CLANG_WARN_UNGUARDED_AVAILABILITY = YES_AGGRESSIVE;
				CLANG_WARN_UNREACHABLE_CODE = YES;
				CLANG_WARN__DUPLICATE_METHOD_MATCH = YES;
				COPY_PHASE_STRIP = NO;
				DEBUG_INFORMATION_FORMAT = "dwarf-with-dsym";
				ENABLE_NS_ASSERTIONS = NO;
				ENABLE_STRICT_OBJC_MSGSEND = YES;
				GCC_C_LANGUAGE_STANDARD = gnu11;
				GCC_NO_COMMON_BLOCKS = YES;
				GCC_WARN_64_TO_32_BIT_CONVERSION = YES;
				GCC_WARN_ABOUT_RETURN_TYPE = YES_ERROR;
				GCC_WARN_UNDECLARED_SELECTOR = YES;
				GCC_WARN_UNINITIALIZED_AUTOS = YES_AGGRESSIVE;
				GCC_WARN_UNUSED_FUNCTION = YES;
				GCC_WARN_UNUSED_VARIABLE = YES;
				IPHONEOS_DEPLOYMENT_TARGET = 16.4;
				MTL_ENABLE_DEBUG_INFO = NO;
				MTL_FAST_MATH = YES;
				SDKROOT = iphoneos;
				SWIFT_COMPILATION_MODE = wholemodule;
				SWIFT_OPTIMIZATION_LEVEL = "-O";
				VALIDATE_PRODUCT = YES;
			};
			name = Release;
		};
		4B74ED4E2A92D35100B47E79 /* Debug */ = {
			isa = XCBuildConfiguration;
			buildSettings = {
				ASSETCATALOG_COMPILER_APPICON_NAME = AppIcon;
				ASSETCATALOG_COMPILER_GLOBAL_ACCENT_COLOR_NAME = AccentColor;
				CODE_SIGN_STYLE = Automatic;
				CURRENT_PROJECT_VERSION = 1;
				DEVELOPMENT_ASSET_PATHS = "\"STCryptoSwiftUIProject/Preview Content\"";
				DEVELOPMENT_TEAM = HR27582MG8;
				ENABLE_PREVIEWS = YES;
				GENERATE_INFOPLIST_FILE = YES;
				INFOPLIST_KEY_CFBundleDisplayName = "Crypto Tracker";
				INFOPLIST_KEY_UIApplicationSceneManifest_Generation = YES;
				INFOPLIST_KEY_UIApplicationSupportsIndirectInputEvents = YES;
				INFOPLIST_KEY_UILaunchScreen_Generation = YES;
				INFOPLIST_KEY_UISupportedInterfaceOrientations_iPad = "UIInterfaceOrientationPortrait UIInterfaceOrientationPortraitUpsideDown UIInterfaceOrientationLandscapeLeft UIInterfaceOrientationLandscapeRight";
				INFOPLIST_KEY_UISupportedInterfaceOrientations_iPhone = "UIInterfaceOrientationPortrait UIInterfaceOrientationLandscapeLeft UIInterfaceOrientationLandscapeRight";
				LD_RUNPATH_SEARCH_PATHS = (
					"$(inherited)",
					"@executable_path/Frameworks",
				);
				MARKETING_VERSION = 1.0;
				PRODUCT_BUNDLE_IDENTIFIER = nMonzon.STCryptoSwiftUIProject;
				PRODUCT_NAME = "$(TARGET_NAME)";
				SWIFT_EMIT_LOC_STRINGS = YES;
				SWIFT_VERSION = 5.0;
				TARGETED_DEVICE_FAMILY = "1,2";
			};
			name = Debug;
		};
		4B74ED4F2A92D35100B47E79 /* Release */ = {
			isa = XCBuildConfiguration;
			buildSettings = {
				ASSETCATALOG_COMPILER_APPICON_NAME = AppIcon;
				ASSETCATALOG_COMPILER_GLOBAL_ACCENT_COLOR_NAME = AccentColor;
				CODE_SIGN_STYLE = Automatic;
				CURRENT_PROJECT_VERSION = 1;
				DEVELOPMENT_ASSET_PATHS = "\"STCryptoSwiftUIProject/Preview Content\"";
				DEVELOPMENT_TEAM = HR27582MG8;
				ENABLE_PREVIEWS = YES;
				GENERATE_INFOPLIST_FILE = YES;
				INFOPLIST_KEY_CFBundleDisplayName = "Crypto Tracker";
				INFOPLIST_KEY_UIApplicationSceneManifest_Generation = YES;
				INFOPLIST_KEY_UIApplicationSupportsIndirectInputEvents = YES;
				INFOPLIST_KEY_UILaunchScreen_Generation = YES;
				INFOPLIST_KEY_UISupportedInterfaceOrientations_iPad = "UIInterfaceOrientationPortrait UIInterfaceOrientationPortraitUpsideDown UIInterfaceOrientationLandscapeLeft UIInterfaceOrientationLandscapeRight";
				INFOPLIST_KEY_UISupportedInterfaceOrientations_iPhone = "UIInterfaceOrientationPortrait UIInterfaceOrientationLandscapeLeft UIInterfaceOrientationLandscapeRight";
				LD_RUNPATH_SEARCH_PATHS = (
					"$(inherited)",
					"@executable_path/Frameworks",
				);
				MARKETING_VERSION = 1.0;
				PRODUCT_BUNDLE_IDENTIFIER = nMonzon.STCryptoSwiftUIProject;
				PRODUCT_NAME = "$(TARGET_NAME)";
				SWIFT_EMIT_LOC_STRINGS = YES;
				SWIFT_VERSION = 5.0;
				TARGETED_DEVICE_FAMILY = "1,2";
			};
			name = Release;
		};
/* End XCBuildConfiguration section */

/* Begin XCConfigurationList section */
		4B74ED352A92D35000B47E79 /* Build configuration list for PBXProject "STCryptoSwiftUIProject" */ = {
			isa = XCConfigurationList;
			buildConfigurations = (
				4B74ED4B2A92D35100B47E79 /* Debug */,
				4B74ED4C2A92D35100B47E79 /* Release */,
			);
			defaultConfigurationIsVisible = 0;
			defaultConfigurationName = Release;
		};
		4B74ED4D2A92D35100B47E79 /* Build configuration list for PBXNativeTarget "STCryptoSwiftUIProject" */ = {
			isa = XCConfigurationList;
			buildConfigurations = (
				4B74ED4E2A92D35100B47E79 /* Debug */,
				4B74ED4F2A92D35100B47E79 /* Release */,
			);
			defaultConfigurationIsVisible = 0;
			defaultConfigurationName = Release;
		};
/* End XCConfigurationList section */

/* Begin XCVersionGroup section */
		4B74ED482A92D35100B47E79 /* STCryptoSwiftUIProject.xcdatamodeld */ = {
			isa = XCVersionGroup;
			children = (
				4B74ED492A92D35100B47E79 /* STCryptoSwiftUIProject.xcdatamodel */,
			);
			currentVersion = 4B74ED492A92D35100B47E79 /* STCryptoSwiftUIProject.xcdatamodel */;
			path = STCryptoSwiftUIProject.xcdatamodeld;
			sourceTree = "<group>";
			versionGroupType = wrapper.xcdatamodel;
		};
/* End XCVersionGroup section */
	};
	rootObject = 4B74ED322A92D35000B47E79 /* Project object */;
}
